
Microsoft Visual Studio Solution File, Format Version 12.00
# Visual Studio Version 16
VisualStudioVersion = 16.0.28922.388
MinimumVisualStudioVersion = 10.0.40219.1
Project("{9A19103F-16F7-4668-BE54-9A1E7A4F7556}") = "MunicipalityTaxes", "MunicipalityTaxes\MunicipalityTaxes.csproj", "{A17BDA14-2C39-4ACE-BF94-B31010BA4598}"
EndProject
Project("{9A19103F-16F7-4668-BE54-9A1E7A4F7556}") = "MunicipalityTaxes.UnitTest", "MunicipalityTaxes.UnitTest\MunicipalityTaxes.UnitTest.csproj", "{8BE36969-811A-4FB7-8E6D-1360E18F57E6}"
EndProject
Global
	GlobalSection(SolutionConfigurationPlatforms) = preSolution
		Debug|Any CPU = Debug|Any CPU
		Release|Any CPU = Release|Any CPU
	EndGlobalSection
	GlobalSection(ProjectConfigurationPlatforms) = postSolution
		{A17BDA14-2C39-4ACE-BF94-B31010BA4598}.Debug|Any CPU.ActiveCfg = Debug|Any CPU
		{A17BDA14-2C39-4ACE-BF94-B31010BA4598}.Debug|Any CPU.Build.0 = Debug|Any CPU
		{A17BDA14-2C39-4ACE-BF94-B31010BA4598}.Release|Any CPU.ActiveCfg = Release|Any CPU
		{A17BDA14-2C39-4ACE-BF94-B31010BA4598}.Release|Any CPU.Build.0 = Release|Any CPU
		{8BE36969-811A-4FB7-8E6D-1360E18F57E6}.Debug|Any CPU.ActiveCfg = Debug|Any CPU
		{8BE36969-811A-4FB7-8E6D-1360E18F57E6}.Debug|Any CPU.Build.0 = Debug|Any CPU
		{8BE36969-811A-4FB7-8E6D-1360E18F57E6}.Release|Any CPU.ActiveCfg = Release|Any CPU
		{8BE36969-811A-4FB7-8E6D-1360E18F57E6}.Release|Any CPU.Build.0 = Release|Any CPU
	EndGlobalSection
	GlobalSection(SolutionProperties) = preSolution
		HideSolutionNode = FALSE
	EndGlobalSection
	GlobalSection(ExtensibilityGlobals) = postSolution
		SolutionGuid = {97F21273-CC72-4B11-9F4B-03FB476D6ED1}
	EndGlobalSection
EndGlobal
